
Microsoft Visual Studio Solution File, Format Version 12.00
# Visual Studio Version 17
VisualStudioVersion = 17.6.33829.357
MinimumVisualStudioVersion = 10.0.40219.1
Project("{9A19103F-16F7-4668-BE54-9A1E7A4F7556}") = "Backend", "Backend\Backend.csproj", "{BA2D25C9-4571-4A22-9B38-A8B7F966B37A}"
EndProject
Project("{9A19103F-16F7-4668-BE54-9A1E7A4F7556}") = "Frontend", "Frontend\Frontend.csproj", "{301BA78D-0C18-4FEF-A02D-D36DD41A4DD7}"
EndProject
Global
	GlobalSection(SolutionConfigurationPlatforms) = preSolution
		Debug|Any CPU = Debug|Any CPU
		Release|Any CPU = Release|Any CPU
	EndGlobalSection
	GlobalSection(ProjectConfigurationPlatforms) = postSolution
		{BA2D25C9-4571-4A22-9B38-A8B7F966B37A}.Debug|Any CPU.ActiveCfg = Debug|Any CPU
		{BA2D25C9-4571-4A22-9B38-A8B7F966B37A}.Debug|Any CPU.Build.0 = Debug|Any CPU
		{BA2D25C9-4571-4A22-9B38-A8B7F966B37A}.Release|Any CPU.ActiveCfg = Release|Any CPU
		{BA2D25C9-4571-4A22-9B38-A8B7F966B37A}.Release|Any CPU.Build.0 = Release|Any CPU
		{301BA78D-0C18-4FEF-A02D-D36DD41A4DD7}.Debug|Any CPU.ActiveCfg = Debug|Any CPU
		{301BA78D-0C18-4FEF-A02D-D36DD41A4DD7}.Debug|Any CPU.Build.0 = Debug|Any CPU
		{301BA78D-0C18-4FEF-A02D-D36DD41A4DD7}.Release|Any CPU.ActiveCfg = Release|Any CPU
		{301BA78D-0C18-4FEF-A02D-D36DD41A4DD7}.Release|Any CPU.Build.0 = Release|Any CPU
	EndGlobalSection
	GlobalSection(SolutionProperties) = preSolution
		HideSolutionNode = FALSE
	EndGlobalSection
	GlobalSection(ExtensibilityGlobals) = postSolution
		SolutionGuid = {E9A916A0-2BC3-41D8-80DD-A36AD100CD9E}
	EndGlobalSection
EndGlobal
